
Microsoft Visual Studio Solution File, Format Version 12.00
# Visual Studio Version 16
VisualStudioVersion = 16.0.29926.136
MinimumVisualStudioVersion = 10.0.40219.1
Project("{FAE04EC0-301F-11D3-BF4B-00C04F79EFBC}") = "Feleves", "Feleves\Feleves.csproj", "{0132E850-492B-421E-AF1D-0371EF087366}"
EndProject
Global
	GlobalSection(SolutionConfigurationPlatforms) = preSolution
		Debug|Any CPU = Debug|Any CPU
		Release|Any CPU = Release|Any CPU
	EndGlobalSection
	GlobalSection(ProjectConfigurationPlatforms) = postSolution
		{0132E850-492B-421E-AF1D-0371EF087366}.Debug|Any CPU.ActiveCfg = Debug|Any CPU
		{0132E850-492B-421E-AF1D-0371EF087366}.Debug|Any CPU.Build.0 = Debug|Any CPU
		{0132E850-492B-421E-AF1D-0371EF087366}.Release|Any CPU.ActiveCfg = Release|Any CPU
		{0132E850-492B-421E-AF1D-0371EF087366}.Release|Any CPU.Build.0 = Release|Any CPU
	EndGlobalSection
	GlobalSection(SolutionProperties) = preSolution
		HideSolutionNode = FALSE
	EndGlobalSection
	GlobalSection(ExtensibilityGlobals) = postSolution
		SolutionGuid = {E9801611-793B-403F-B0C1-B5FC3071BCBD}
	EndGlobalSection
EndGlobal
